
Microsoft Visual Studio Solution File, Format Version 12.00
# Visual Studio Version 16
VisualStudioVersion = 16.0.29613.14
MinimumVisualStudioVersion = 10.0.40219.1
Project("{FAE04EC0-301F-11D3-BF4B-00C04F79EFBC}") = "NetFxTests", "NetFxTests\NetFxTests.csproj", "{03A688A2-FC11-47B3-B167-0623D648D0EC}"
EndProject
Project("{FAE04EC0-301F-11D3-BF4B-00C04F79EFBC}") = "NetCoreTests", "NetCoreTests\NetCoreTests.csproj", "{08487BE7-1F47-4436-AD85-46BB7C61BD6E}"
EndProject
Project("{2150E333-8FDC-42A3-9474-1A3956D46DE8}") = "NetStandard", "NetStandard", "{A3214088-C23C-4EDB-A555-86AA6AC47D77}"
EndProject
Project("{2150E333-8FDC-42A3-9474-1A3956D46DE8}") = "NetCore", "NetCore", "{35AA22E3-B6A4-4B44-B1DB-334A85841224}"
EndProject
Project("{2150E333-8FDC-42A3-9474-1A3956D46DE8}") = "NetFx472", "NetFx472", "{58FA9890-CA3B-4268-BF85-149C06AB525E}"
EndProject
Project("{FAE04EC0-301F-11D3-BF4B-00C04F79EFBC}") = "NetCoreConsole", "NetCoreConsole\NetCoreConsole.csproj", "{F7E1FD4E-2A9C-448F-B07E-915FD974E925}"
EndProject
Project("{FAE04EC0-301F-11D3-BF4B-00C04F79EFBC}") = "NetCoreWeb", "NetCoreWeb\NetCoreWeb.csproj", "{0BD7931E-7A6B-4085-B2E3-9670EBE2061A}"
EndProject
Project("{FAE04EC0-301F-11D3-BF4B-00C04F79EFBC}") = "NetFxLibrary", "NetFxLibrary\NetFxLibrary.csproj", "{B402621E-5923-49BA-AE33-A5721B6E9B84}"
EndProject
Project("{FAE04EC0-301F-11D3-BF4B-00C04F79EFBC}") = "NetCoreLibrary", "NetCoreLibrary\NetCoreLibrary.csproj", "{0065E33F-6894-4ABD-A120-B3C934261E12}"
EndProject
Project("{FAE04EC0-301F-11D3-BF4B-00C04F79EFBC}") = "NetStandardLibrary", "NetStandardLibrary\NetStandardLibrary.csproj", "{9E946013-15CC-414C-B06A-BB6FD44E9BE3}"
EndProject
Project("{FAE04EC0-301F-11D3-BF4B-00C04F79EFBC}") = "NetStandardTests", "NetStandardTests\NetStandardTests.csproj", "{F6CD52FA-FDCD-4331-8753-85AF121D907E}"
EndProject
Project("{FAE04EC0-301F-11D3-BF4B-00C04F79EFBC}") = "NetFxConsole", "NetFxConsole\NetFxConsole.csproj", "{7D52C23C-C125-46DA-BD9D-7A6CDC67001C}"
EndProject
Project("{FAE04EC0-301F-11D3-BF4B-00C04F79EFBC}") = "NetFxWeb", "NetFxWeb\NetFxWeb.csproj", "{7F03439E-B487-4A95-B498-CF54185CE2AD}"
EndProject
Global
	GlobalSection(SolutionConfigurationPlatforms) = preSolution
		Debug|Any CPU = Debug|Any CPU
		Release|Any CPU = Release|Any CPU
	EndGlobalSection
	GlobalSection(ProjectConfigurationPlatforms) = postSolution
		{03A688A2-FC11-47B3-B167-0623D648D0EC}.Debug|Any CPU.ActiveCfg = Debug|Any CPU
		{03A688A2-FC11-47B3-B167-0623D648D0EC}.Debug|Any CPU.Build.0 = Debug|Any CPU
		{03A688A2-FC11-47B3-B167-0623D648D0EC}.Release|Any CPU.ActiveCfg = Release|Any CPU
		{03A688A2-FC11-47B3-B167-0623D648D0EC}.Release|Any CPU.Build.0 = Release|Any CPU
		{08487BE7-1F47-4436-AD85-46BB7C61BD6E}.Debug|Any CPU.ActiveCfg = Debug|Any CPU
		{08487BE7-1F47-4436-AD85-46BB7C61BD6E}.Debug|Any CPU.Build.0 = Debug|Any CPU
		{08487BE7-1F47-4436-AD85-46BB7C61BD6E}.Release|Any CPU.ActiveCfg = Release|Any CPU
		{08487BE7-1F47-4436-AD85-46BB7C61BD6E}.Release|Any CPU.Build.0 = Release|Any CPU
		{F7E1FD4E-2A9C-448F-B07E-915FD974E925}.Debug|Any CPU.ActiveCfg = Debug|Any CPU
		{F7E1FD4E-2A9C-448F-B07E-915FD974E925}.Debug|Any CPU.Build.0 = Debug|Any CPU
		{F7E1FD4E-2A9C-448F-B07E-915FD974E925}.Release|Any CPU.ActiveCfg = Release|Any CPU
		{F7E1FD4E-2A9C-448F-B07E-915FD974E925}.Release|Any CPU.Build.0 = Release|Any CPU
		{0BD7931E-7A6B-4085-B2E3-9670EBE2061A}.Debug|Any CPU.ActiveCfg = Debug|Any CPU
		{0BD7931E-7A6B-4085-B2E3-9670EBE2061A}.Debug|Any CPU.Build.0 = Debug|Any CPU
		{0BD7931E-7A6B-4085-B2E3-9670EBE2061A}.Release|Any CPU.ActiveCfg = Release|Any CPU
		{0BD7931E-7A6B-4085-B2E3-9670EBE2061A}.Release|Any CPU.Build.0 = Release|Any CPU
		{B402621E-5923-49BA-AE33-A5721B6E9B84}.Debug|Any CPU.ActiveCfg = Debug|Any CPU
		{B402621E-5923-49BA-AE33-A5721B6E9B84}.Debug|Any CPU.Build.0 = Debug|Any CPU
		{B402621E-5923-49BA-AE33-A5721B6E9B84}.Release|Any CPU.ActiveCfg = Release|Any CPU
		{B402621E-5923-49BA-AE33-A5721B6E9B84}.Release|Any CPU.Build.0 = Release|Any CPU
		{0065E33F-6894-4ABD-A120-B3C934261E12}.Debug|Any CPU.ActiveCfg = Debug|Any CPU
		{0065E33F-6894-4ABD-A120-B3C934261E12}.Debug|Any CPU.Build.0 = Debug|Any CPU
		{0065E33F-6894-4ABD-A120-B3C934261E12}.Release|Any CPU.ActiveCfg = Release|Any CPU
		{0065E33F-6894-4ABD-A120-B3C934261E12}.Release|Any CPU.Build.0 = Release|Any CPU
		{9E946013-15CC-414C-B06A-BB6FD44E9BE3}.Debug|Any CPU.ActiveCfg = Debug|Any CPU
		{9E946013-15CC-414C-B06A-BB6FD44E9BE3}.Debug|Any CPU.Build.0 = Debug|Any CPU
		{9E946013-15CC-414C-B06A-BB6FD44E9BE3}.Release|Any CPU.ActiveCfg = Release|Any CPU
		{9E946013-15CC-414C-B06A-BB6FD44E9BE3}.Release|Any CPU.Build.0 = Release|Any CPU
		{F6CD52FA-FDCD-4331-8753-85AF121D907E}.Debug|Any CPU.ActiveCfg = Debug|Any CPU
		{F6CD52FA-FDCD-4331-8753-85AF121D907E}.Debug|Any CPU.Build.0 = Debug|Any CPU
		{F6CD52FA-FDCD-4331-8753-85AF121D907E}.Release|Any CPU.ActiveCfg = Release|Any CPU
		{F6CD52FA-FDCD-4331-8753-85AF121D907E}.Release|Any CPU.Build.0 = Release|Any CPU
		{7D52C23C-C125-46DA-BD9D-7A6CDC67001C}.Debug|Any CPU.ActiveCfg = Debug|Any CPU
		{7D52C23C-C125-46DA-BD9D-7A6CDC67001C}.Debug|Any CPU.Build.0 = Debug|Any CPU
		{7D52C23C-C125-46DA-BD9D-7A6CDC67001C}.Release|Any CPU.ActiveCfg = Release|Any CPU
		{7D52C23C-C125-46DA-BD9D-7A6CDC67001C}.Release|Any CPU.Build.0 = Release|Any CPU
		{7F03439E-B487-4A95-B498-CF54185CE2AD}.Debug|Any CPU.ActiveCfg = Debug|Any CPU
		{7F03439E-B487-4A95-B498-CF54185CE2AD}.Debug|Any CPU.Build.0 = Debug|Any CPU
		{7F03439E-B487-4A95-B498-CF54185CE2AD}.Release|Any CPU.ActiveCfg = Release|Any CPU
		{7F03439E-B487-4A95-B498-CF54185CE2AD}.Release|Any CPU.Build.0 = Release|Any CPU
	EndGlobalSection
	GlobalSection(SolutionProperties) = preSolution
		HideSolutionNode = FALSE
	EndGlobalSection
	GlobalSection(NestedProjects) = preSolution
		{03A688A2-FC11-47B3-B167-0623D648D0EC} = {58FA9890-CA3B-4268-BF85-149C06AB525E}
		{08487BE7-1F47-4436-AD85-46BB7C61BD6E} = {35AA22E3-B6A4-4B44-B1DB-334A85841224}
		{F7E1FD4E-2A9C-448F-B07E-915FD974E925} = {35AA22E3-B6A4-4B44-B1DB-334A85841224}
		{0BD7931E-7A6B-4085-B2E3-9670EBE2061A} = {35AA22E3-B6A4-4B44-B1DB-334A85841224}
		{B402621E-5923-49BA-AE33-A5721B6E9B84} = {58FA9890-CA3B-4268-BF85-149C06AB525E}
		{0065E33F-6894-4ABD-A120-B3C934261E12} = {35AA22E3-B6A4-4B44-B1DB-334A85841224}
		{9E946013-15CC-414C-B06A-BB6FD44E9BE3} = {A3214088-C23C-4EDB-A555-86AA6AC47D77}
		{F6CD52FA-FDCD-4331-8753-85AF121D907E} = {A3214088-C23C-4EDB-A555-86AA6AC47D77}
		{7D52C23C-C125-46DA-BD9D-7A6CDC67001C} = {58FA9890-CA3B-4268-BF85-149C06AB525E}
	EndGlobalSection
	GlobalSection(ExtensibilityGlobals) = postSolution
		SolutionGuid = {B6EBF271-48BF-4025-ABC0-65671F701FDA}
	EndGlobalSection
EndGlobal
